// !$*UTF8*$!
{
	archiveVersion = 1;
	classes = {
	};
	objectVersion = 50;
	objects = {

/* Begin PBXBuildFile section */
		BD5D271327253AC600FD2EAA /* AppDelegate.swift in Sources */ = {isa = PBXBuildFile; fileRef = BD5D271227253AC600FD2EAA /* AppDelegate.swift */; };
		BD5D271527253AC600FD2EAA /* SceneDelegate.swift in Sources */ = {isa = PBXBuildFile; fileRef = BD5D271427253AC600FD2EAA /* SceneDelegate.swift */; };
		BD5D271727253AC600FD2EAA /* ViewController.swift in Sources */ = {isa = PBXBuildFile; fileRef = BD5D271627253AC600FD2EAA /* ViewController.swift */; };
		BD5D271A27253AC600FD2EAA /* Main.storyboard in Resources */ = {isa = PBXBuildFile; fileRef = BD5D271827253AC600FD2EAA /* Main.storyboard */; };
		BD5D271C27253AC700FD2EAA /* Assets.xcassets in Resources */ = {isa = PBXBuildFile; fileRef = BD5D271B27253AC700FD2EAA /* Assets.xcassets */; };
		BD5D271F27253AC700FD2EAA /* LaunchScreen.storyboard in Resources */ = {isa = PBXBuildFile; fileRef = BD5D271D27253AC700FD2EAA /* LaunchScreen.storyboard */; };
/* End PBXBuildFile section */

/* Begin PBXFileReference section */
		BD5D270F27253AC600FD2EAA /* WorldTrotter- Programmatically- ShuruqAlanazi-iter1.app */ = {isa = PBXFileReference; explicitFileType = wrapper.application; includeInIndex = 0; path = "WorldTrotter- Programmatically- ShuruqAlanazi-iter1.app"; sourceTree = BUILT_PRODUCTS_DIR; };
		BD5D271227253AC600FD2EAA /* AppDelegate.swift */ = {isa = PBXFileReference; lastKnownFileType = sourcecode.swift; path = AppDelegate.swift; sourceTree = "<group>"; };
		BD5D271427253AC600FD2EAA /* SceneDelegate.swift */ = {isa = PBXFileReference; lastKnownFileType = sourcecode.swift; path = SceneDelegate.swift; sourceTree = "<group>"; };
		BD5D271627253AC600FD2EAA /* ViewController.swift */ = {isa = PBXFileReference; lastKnownFileType = sourcecode.swift; path = ViewController.swift; sourceTree = "<group>"; };
		BD5D271927253AC600FD2EAA /* Base */ = {isa = PBXFileReference; lastKnownFileType = file.storyboard; name = Base; path = Base.lproj/Main.storyboard; sourceTree = "<group>"; };
		BD5D271B27253AC700FD2EAA /* Assets.xcassets */ = {isa = PBXFileReference; lastKnownFileType = folder.assetcatalog; path = Assets.xcassets; sourceTree = "<group>"; };
		BD5D271E27253AC700FD2EAA /* Base */ = {isa = PBXFileReference; lastKnownFileType = file.storyboard; name = Base; path = Base.lproj/LaunchScreen.storyboard; sourceTree = "<group>"; };
		BD5D272027253AC700FD2EAA /* Info.plist */ = {isa = PBXFileReference; lastKnownFileType = text.plist.xml; path = Info.plist; sourceTree = "<group>"; };
/* End PBXFileReference section */

/* Begin PBXFrameworksBuildPhase section */
		BD5D270C27253AC600FD2EAA /* Frameworks */ = {
			isa = PBXFrameworksBuildPhase;
			buildActionMask = 2147483647;
			files = (
			);
			runOnlyForDeploymentPostprocessing = 0;
		};
/* End PBXFrameworksBuildPhase section */

/* Begin PBXGroup section */
		BD5D270627253AC600FD2EAA = {
			isa = PBXGroup;
			children = (
				BD5D271127253AC600FD2EAA /* WorldTrotter- Programmatically- ShuruqAlanazi-iter1 */,
				BD5D271027253AC600FD2EAA /* Products */,
			);
			sourceTree = "<group>";
		};
		BD5D271027253AC600FD2EAA /* Products */ = {
			isa = PBXGroup;
			children = (
				BD5D270F27253AC600FD2EAA /* WorldTrotter- Programmatically- ShuruqAlanazi-iter1.app */,
			);
			name = Products;
			sourceTree = "<group>";
		};
		BD5D271127253AC600FD2EAA /* WorldTrotter- Programmatically- ShuruqAlanazi-iter1 */ = {
			isa = PBXGroup;
			children = (
				BD5D271227253AC600FD2EAA /* AppDelegate.swift */,
				BD5D271427253AC600FD2EAA /* SceneDelegate.swift */,
				BD5D271627253AC600FD2EAA /* ViewController.swift */,
				BD5D271827253AC600FD2EAA /* Main.storyboard */,
				BD5D271B27253AC700FD2EAA /* Assets.xcassets */,
				BD5D271D27253AC700FD2EAA /* LaunchScreen.storyboard */,
				BD5D272027253AC700FD2EAA /* Info.plist */,
			);
			path = "WorldTrotter- Programmatically- ShuruqAlanazi-iter1";
			sourceTree = "<group>";
		};
/* End PBXGroup section */

/* Begin PBXNativeTarget section */
		BD5D270E27253AC600FD2EAA /* WorldTrotter- Programmatically- ShuruqAlanazi-iter1 */ = {
			isa = PBXNativeTarget;
			buildConfigurationList = BD5D272327253AC700FD2EAA /* Build configuration list for PBXNativeTarget "WorldTrotter- Programmatically- ShuruqAlanazi-iter1" */;
			buildPhases = (
				BD5D270B27253AC600FD2EAA /* Sources */,
				BD5D270C27253AC600FD2EAA /* Frameworks */,
				BD5D270D27253AC600FD2EAA /* Resources */,
			);
			buildRules = (
			);
			dependencies = (
			);
			name = "WorldTrotter- Programmatically- ShuruqAlanazi-iter1";
			productName = "WorldTrotter- Programmatically- ShuruqAlanazi-iter1";
			productReference = BD5D270F27253AC600FD2EAA /* WorldTrotter- Programmatically- ShuruqAlanazi-iter1.app */;
			productType = "com.apple.product-type.application";
		};
/* End PBXNativeTarget section */

/* Begin PBXProject section */
		BD5D270727253AC600FD2EAA /* Project object */ = {
			isa = PBXProject;
			attributes = {
				LastSwiftUpdateCheck = 1250;
				LastUpgradeCheck = 1250;
				TargetAttributes = {
					BD5D270E27253AC600FD2EAA = {
						CreatedOnToolsVersion = 12.5;
					};
				};
			};
			buildConfigurationList = BD5D270A27253AC600FD2EAA /* Build configuration list for PBXProject "WorldTrotter- Programmatically- ShuruqAlanazi-iter1" */;
			compatibilityVersion = "Xcode 9.3";
			developmentRegion = en;
			hasScannedForEncodings = 0;
			knownRegions = (
				en,
				Base,
			);
			mainGroup = BD5D270627253AC600FD2EAA;
			productRefGroup = BD5D271027253AC600FD2EAA /* Products */;
			projectDirPath = "";
			projectRoot = "";
			targets = (
				BD5D270E27253AC600FD2EAA /* WorldTrotter- Programmatically- ShuruqAlanazi-iter1 */,
			);
		};
/* End PBXProject section */

/* Begin PBXResourcesBuildPhase section */
		BD5D270D27253AC600FD2EAA /* Resources */ = {
			isa = PBXResourcesBuildPhase;
			buildActionMask = 2147483647;
			files = (
				BD5D271F27253AC700FD2EAA /* LaunchScreen.storyboard in Resources */,
				BD5D271C27253AC700FD2EAA /* Assets.xcassets in Resources */,
				BD5D271A27253AC600FD2EAA /* Main.storyboard in Resources */,
			);
			runOnlyForDeploymentPostprocessing = 0;
		};
/* End PBXResourcesBuildPhase section */

/* Begin PBXSourcesBuildPhase section */
		BD5D270B27253AC600FD2EAA /* Sources */ = {
			isa = PBXSourcesBuildPhase;
			buildActionMask = 2147483647;
			files = (
				BD5D271727253AC600FD2EAA /* ViewController.swift in Sources */,
				BD5D271327253AC600FD2EAA /* AppDelegate.swift in Sources */,
				BD5D271527253AC600FD2EAA /* SceneDelegate.swift in Sources */,
			);
			runOnlyForDeploymentPostprocessing = 0;
		};
/* End PBXSourcesBuildPhase section */

/* Begin PBXVariantGroup section */
		BD5D271827253AC600FD2EAA /* Main.storyboard */ = {
			isa = PBXVariantGroup;
			children = (
				BD5D271927253AC600FD2EAA /* Base */,
			);
			name = Main.storyboard;
			sourceTree = "<group>";
		};
		BD5D271D27253AC700FD2EAA /* LaunchScreen.storyboard */ = {
			isa = PBXVariantGroup;
			children = (
				BD5D271E27253AC700FD2EAA /* Base */,
			);
			name = LaunchScreen.storyboard;
			sourceTree = "<group>";
		};
/* End PBXVariantGroup section */

/* Begin XCBuildConfiguration section */
		BD5D272127253AC700FD2EAA /* Debug */ = {
			isa = XCBuildConfiguration;
			buildSettings = {
				ALWAYS_SEARCH_USER_PATHS = NO;
				CLANG_ANALYZER_NONNULL = YES;
				CLANG_ANALYZER_NUMBER_OBJECT_CONVERSION = YES_AGGRESSIVE;
				CLANG_CXX_LANGUAGE_STANDARD = "gnu++14";
				CLANG_CXX_LIBRARY = "libc++";
				CLANG_ENABLE_MODULES = YES;
				CLANG_ENABLE_OBJC_ARC = YES;
				CLANG_ENABLE_OBJC_WEAK = YES;
				CLANG_WARN_BLOCK_CAPTURE_AUTORELEASING = YES;
				CLANG_WARN_BOOL_CONVERSION = YES;
				CLANG_WARN_COMMA = YES;
				CLANG_WARN_CONSTANT_CONVERSION = YES;
				CLANG_WARN_DEPRECATED_OBJC_IMPLEMENTATIONS = YES;
				CLANG_WARN_DIRECT_OBJC_ISA_USAGE = YES_ERROR;
				CLANG_WARN_DOCUMENTATION_COMMENTS = YES;
				CLANG_WARN_EMPTY_BODY = YES;
				CLANG_WARN_ENUM_CONVERSION = YES;
				CLANG_WARN_INFINITE_RECURSION = YES;
				CLANG_WARN_INT_CONVERSION = YES;
				CLANG_WARN_NON_LITERAL_NULL_CONVERSION = YES;
				CLANG_WARN_OBJC_IMPLICIT_RETAIN_SELF = YES;
				CLANG_WARN_OBJC_LITERAL_CONVERSION = YES;
				CLANG_WARN_OBJC_ROOT_CLASS = YES_ERROR;
				CLANG_WARN_QUOTED_INCLUDE_IN_FRAMEWORK_HEADER = YES;
				CLANG_WARN_RANGE_LOOP_ANALYSIS = YES;
				CLANG_WARN_STRICT_PROTOTYPES = YES;
				CLANG_WARN_SUSPICIOUS_MOVE = YES;
				CLANG_WARN_UNGUARDED_AVAILABILITY = YES_AGGRESSIVE;
				CLANG_WARN_UNREACHABLE_CODE = YES;
				CLANG_WARN__DUPLICATE_METHOD_MATCH = YES;
				COPY_PHASE_STRIP = NO;
				DEBUG_INFORMATION_FORMAT = dwarf;
				ENABLE_STRICT_OBJC_MSGSEND = YES;
				ENABLE_TESTABILITY = YES;
				GCC_C_LANGUAGE_STANDARD = gnu11;
				GCC_DYNAMIC_NO_PIC = NO;
				GCC_NO_COMMON_BLOCKS = YES;
				GCC_OPTIMIZATION_LEVEL = 0;
				GCC_PREPROCESSOR_DEFINITIONS = (
					"DEBUG=1",
					"$(inherited)",
				);
				GCC_WARN_64_TO_32_BIT_CONVERSION = YES;
				GCC_WARN_ABOUT_RETURN_TYPE = YES_ERROR;
				GCC_WARN_UNDECLARED_SELECTOR = YES;
				GCC_WARN_UNINITIALIZED_AUTOS = YES_AGGRESSIVE;
				GCC_WARN_UNUSED_FUNCTION = YES;
				GCC_WARN_UNUSED_VARIABLE = YES;
				IPHONEOS_DEPLOYMENT_TARGET = 14.5;
				MTL_ENABLE_DEBUG_INFO = INCLUDE_SOURCE;
				MTL_FAST_MATH = YES;
				ONLY_ACTIVE_ARCH = YES;
				SDKROOT = iphoneos;
				SWIFT_ACTIVE_COMPILATION_CONDITIONS = DEBUG;
				SWIFT_OPTIMIZATION_LEVEL = "-Onone";
			};
			name = Debug;
		};
		BD5D272227253AC700FD2EAA /* Release */ = {
			isa = XCBuildConfiguration;
			buildSettings = {
				ALWAYS_SEARCH_USER_PATHS = NO;
				CLANG_ANALYZER_NONNULL = YES;
				CLANG_ANALYZER_NUMBER_OBJECT_CONVERSION = YES_AGGRESSIVE;
				CLANG_CXX_LANGUAGE_STANDARD = "gnu++14";
				CLANG_CXX_LIBRARY = "libc++";
				CLANG_ENABLE_MODULES = YES;
				CLANG_ENABLE_OBJC_ARC = YES;
				CLANG_ENABLE_OBJC_WEAK = YES;
				CLANG_WARN_BLOCK_CAPTURE_AUTORELEASING = YES;
				CLANG_WARN_BOOL_CONVERSION = YES;
				CLANG_WARN_COMMA = YES;
				CLANG_WARN_CONSTANT_CONVERSION = YES;
				CLANG_WARN_DEPRECATED_OBJC_IMPLEMENTATIONS = YES;
				CLANG_WARN_DIRECT_OBJC_ISA_USAGE = YES_ERROR;
				CLANG_WARN_DOCUMENTATION_COMMENTS = YES;
				CLANG_WARN_EMPTY_BODY = YES;
				CLANG_WARN_ENUM_CONVERSION = YES;
				CLANG_WARN_INFINITE_RECURSION = YES;
				CLANG_WARN_INT_CONVERSION = YES;
				CLANG_WARN_NON_LITERAL_NULL_CONVERSION = YES;
				CLANG_WARN_OBJC_IMPLICIT_RETAIN_SELF = YES;
				CLANG_WARN_OBJC_LITERAL_CONVERSION = YES;
				CLANG_WARN_OBJC_ROOT_CLASS = YES_ERROR;
				CLANG_WARN_QUOTED_INCLUDE_IN_FRAMEWORK_HEADER = YES;
				CLANG_WARN_RANGE_LOOP_ANALYSIS = YES;
				CLANG_WARN_STRICT_PROTOTYPES = YES;
				CLANG_WARN_SUSPICIOUS_MOVE = YES;
				CLANG_WARN_UNGUARDED_AVAILABILITY = YES_AGGRESSIVE;
				CLANG_WARN_UNREACHABLE_CODE = YES;
				CLANG_WARN__DUPLICATE_METHOD_MATCH = YES;
				COPY_PHASE_STRIP = NO;
				DEBUG_INFORMATION_FORMAT = "dwarf-with-dsym";
				ENABLE_NS_ASSERTIONS = NO;
				ENABLE_STRICT_OBJC_MSGSEND = YES;
				GCC_C_LANGUAGE_STANDARD = gnu11;
				GCC_NO_COMMON_BLOCKS = YES;
				GCC_WARN_64_TO_32_BIT_CONVERSION = YES;
				GCC_WARN_ABOUT_RETURN_TYPE = YES_ERROR;
				GCC_WARN_UNDECLARED_SELECTOR = YES;
				GCC_WARN_UNINITIALIZED_AUTOS = YES_AGGRESSIVE;
				GCC_WARN_UNUSED_FUNCTION = YES;
				GCC_WARN_UNUSED_VARIABLE = YES;
				IPHONEOS_DEPLOYMENT_TARGET = 14.5;
				MTL_ENABLE_DEBUG_INFO = NO;
				MTL_FAST_MATH = YES;
				SDKROOT = iphoneos;
				SWIFT_COMPILATION_MODE = wholemodule;
				SWIFT_OPTIMIZATION_LEVEL = "-O";
				VALIDATE_PRODUCT = YES;
			};
			name = Release;
		};
		BD5D272427253AC700FD2EAA /* Debug */ = {
			isa = XCBuildConfiguration;
			buildSettings = {
				ASSETCATALOG_COMPILER_APPICON_NAME = AppIcon;
				ASSETCATALOG_COMPILER_GLOBAL_ACCENT_COLOR_NAME = AccentColor;
				CODE_SIGN_STYLE = Automatic;
				DEVELOPMENT_TEAM = S2N5ABFX6X;
				INFOPLIST_FILE = "WorldTrotter- Programmatically- ShuruqAlanazi-iter1/Info.plist";
				LD_RUNPATH_SEARCH_PATHS = (
					"$(inherited)",
					"@executable_path/Frameworks",
				);
				PRODUCT_BUNDLE_IDENTIFIER = "com.shuruq.WorldTrotter--Programmatically--ShuruqAlanazi-iter1";
				PRODUCT_NAME = "$(TARGET_NAME)";
				SWIFT_VERSION = 5.0;
				TARGETED_DEVICE_FAMILY = "1,2";
			};
			name = Debug;
		};
		BD5D272527253AC700FD2EAA /* Release */ = {
			isa = XCBuildConfiguration;
			buildSettings = {
				ASSETCATALOG_COMPILER_APPICON_NAME = AppIcon;
				ASSETCATALOG_COMPILER_GLOBAL_ACCENT_COLOR_NAME = AccentColor;
				CODE_SIGN_STYLE = Automatic;
				DEVELOPMENT_TEAM = S2N5ABFX6X;
				INFOPLIST_FILE = "WorldTrotter- Programmatically- ShuruqAlanazi-iter1/Info.plist";
				LD_RUNPATH_SEARCH_PATHS = (
					"$(inherited)",
					"@executable_path/Frameworks",
				);
				PRODUCT_BUNDLE_IDENTIFIER = "com.shuruq.WorldTrotter--Programmatically--ShuruqAlanazi-iter1";
				PRODUCT_NAME = "$(TARGET_NAME)";
				SWIFT_VERSION = 5.0;
				TARGETED_DEVICE_FAMILY = "1,2";
			};
			name = Release;
		};
/* End XCBuildConfiguration section */

/* Begin XCConfigurationList section */
		BD5D270A27253AC600FD2EAA /* Build configuration list for PBXProject "WorldTrotter- Programmatically- ShuruqAlanazi-iter1" */ = {
			isa = XCConfigurationList;
			buildConfigurations = (
				BD5D272127253AC700FD2EAA /* Debug */,
				BD5D272227253AC700FD2EAA /* Release */,
			);
			defaultConfigurationIsVisible = 0;
			defaultConfigurationName = Release;
		};
		BD5D272327253AC700FD2EAA /* Build configuration list for PBXNativeTarget "WorldTrotter- Programmatically- ShuruqAlanazi-iter1" */ = {
			isa = XCConfigurationList;
			buildConfigurations = (
				BD5D272427253AC700FD2EAA /* Debug */,
				BD5D272527253AC700FD2EAA /* Release */,
			);
			defaultConfigurationIsVisible = 0;
			defaultConfigurationName = Release;
		};
/* End XCConfigurationList section */
	};
	rootObject = BD5D270727253AC600FD2EAA /* Project object */;
}
