// !$*UTF8*$!
{
	archiveVersion = 1;
	classes = {
	};
	objectVersion = 50;
	objects = {

/* Begin PBXBuildFile section */
		10CBCBFD2727D065001DAB92 /* AppDelegate.swift in Sources */ = {isa = PBXBuildFile; fileRef = 10CBCBFC2727D065001DAB92 /* AppDelegate.swift */; };
		10CBCBFF2727D065001DAB92 /* SceneDelegate.swift in Sources */ = {isa = PBXBuildFile; fileRef = 10CBCBFE2727D065001DAB92 /* SceneDelegate.swift */; };
		10CBCC012727D065001DAB92 /* ViewController.swift in Sources */ = {isa = PBXBuildFile; fileRef = 10CBCC002727D065001DAB92 /* ViewController.swift */; };
		10CBCC042727D065001DAB92 /* Main.storyboard in Resources */ = {isa = PBXBuildFile; fileRef = 10CBCC022727D065001DAB92 /* Main.storyboard */; };
		10CBCC062727D065001DAB92 /* Assets.xcassets in Resources */ = {isa = PBXBuildFile; fileRef = 10CBCC052727D065001DAB92 /* Assets.xcassets */; };
		10CBCC092727D065001DAB92 /* LaunchScreen.storyboard in Resources */ = {isa = PBXBuildFile; fileRef = 10CBCC072727D065001DAB92 /* LaunchScreen.storyboard */; };
/* End PBXBuildFile section */

/* Begin PBXFileReference section */
		10CBCBF92727D065001DAB92 /* WorldTrotter-Programmatically-iter1(withoutStack).app */ = {isa = PBXFileReference; explicitFileType = wrapper.application; includeInIndex = 0; path = "WorldTrotter-Programmatically-iter1(withoutStack).app"; sourceTree = BUILT_PRODUCTS_DIR; };
		10CBCBFC2727D065001DAB92 /* AppDelegate.swift */ = {isa = PBXFileReference; lastKnownFileType = sourcecode.swift; path = AppDelegate.swift; sourceTree = "<group>"; };
		10CBCBFE2727D065001DAB92 /* SceneDelegate.swift */ = {isa = PBXFileReference; lastKnownFileType = sourcecode.swift; path = SceneDelegate.swift; sourceTree = "<group>"; };
		10CBCC002727D065001DAB92 /* ViewController.swift */ = {isa = PBXFileReference; lastKnownFileType = sourcecode.swift; path = ViewController.swift; sourceTree = "<group>"; };
		10CBCC032727D065001DAB92 /* Base */ = {isa = PBXFileReference; lastKnownFileType = file.storyboard; name = Base; path = Base.lproj/Main.storyboard; sourceTree = "<group>"; };
		10CBCC052727D065001DAB92 /* Assets.xcassets */ = {isa = PBXFileReference; lastKnownFileType = folder.assetcatalog; path = Assets.xcassets; sourceTree = "<group>"; };
		10CBCC082727D065001DAB92 /* Base */ = {isa = PBXFileReference; lastKnownFileType = file.storyboard; name = Base; path = Base.lproj/LaunchScreen.storyboard; sourceTree = "<group>"; };
		10CBCC0A2727D065001DAB92 /* Info.plist */ = {isa = PBXFileReference; lastKnownFileType = text.plist.xml; path = Info.plist; sourceTree = "<group>"; };
/* End PBXFileReference section */

/* Begin PBXFrameworksBuildPhase section */
		10CBCBF62727D065001DAB92 /* Frameworks */ = {
			isa = PBXFrameworksBuildPhase;
			buildActionMask = 2147483647;
			files = (
			);
			runOnlyForDeploymentPostprocessing = 0;
		};
/* End PBXFrameworksBuildPhase section */

/* Begin PBXGroup section */
		10CBCBF02727D065001DAB92 = {
			isa = PBXGroup;
			children = (
				10CBCBFB2727D065001DAB92 /* WorldTrotter-Programmatically-iter1(withoutStack) */,
				10CBCBFA2727D065001DAB92 /* Products */,
			);
			sourceTree = "<group>";
		};
		10CBCBFA2727D065001DAB92 /* Products */ = {
			isa = PBXGroup;
			children = (
				10CBCBF92727D065001DAB92 /* WorldTrotter-Programmatically-iter1(withoutStack).app */,
			);
			name = Products;
			sourceTree = "<group>";
		};
		10CBCBFB2727D065001DAB92 /* WorldTrotter-Programmatically-iter1(withoutStack) */ = {
			isa = PBXGroup;
			children = (
				10CBCBFC2727D065001DAB92 /* AppDelegate.swift */,
				10CBCBFE2727D065001DAB92 /* SceneDelegate.swift */,
				10CBCC002727D065001DAB92 /* ViewController.swift */,
				10CBCC022727D065001DAB92 /* Main.storyboard */,
				10CBCC052727D065001DAB92 /* Assets.xcassets */,
				10CBCC072727D065001DAB92 /* LaunchScreen.storyboard */,
				10CBCC0A2727D065001DAB92 /* Info.plist */,
			);
			path = "WorldTrotter-Programmatically-iter1(withoutStack)";
			sourceTree = "<group>";
		};
/* End PBXGroup section */

/* Begin PBXNativeTarget section */
		10CBCBF82727D065001DAB92 /* WorldTrotter-Programmatically-iter1(withoutStack) */ = {
			isa = PBXNativeTarget;
			buildConfigurationList = 10CBCC0D2727D065001DAB92 /* Build configuration list for PBXNativeTarget "WorldTrotter-Programmatically-iter1(withoutStack)" */;
			buildPhases = (
				10CBCBF52727D065001DAB92 /* Sources */,
				10CBCBF62727D065001DAB92 /* Frameworks */,
				10CBCBF72727D065001DAB92 /* Resources */,
			);
			buildRules = (
			);
			dependencies = (
			);
			name = "WorldTrotter-Programmatically-iter1(withoutStack)";
			productName = "WorldTrotter-Programmatically-iter1(withoutStack)";
			productReference = 10CBCBF92727D065001DAB92 /* WorldTrotter-Programmatically-iter1(withoutStack).app */;
			productType = "com.apple.product-type.application";
		};
/* End PBXNativeTarget section */

/* Begin PBXProject section */
		10CBCBF12727D065001DAB92 /* Project object */ = {
			isa = PBXProject;
			attributes = {
				LastSwiftUpdateCheck = 1250;
				LastUpgradeCheck = 1250;
				TargetAttributes = {
					10CBCBF82727D065001DAB92 = {
						CreatedOnToolsVersion = 12.5;
					};
				};
			};
			buildConfigurationList = 10CBCBF42727D065001DAB92 /* Build configuration list for PBXProject "WorldTrotter-Programmatically-iter1(withoutStack)" */;
			compatibilityVersion = "Xcode 9.3";
			developmentRegion = en;
			hasScannedForEncodings = 0;
			knownRegions = (
				en,
				Base,
			);
			mainGroup = 10CBCBF02727D065001DAB92;
			productRefGroup = 10CBCBFA2727D065001DAB92 /* Products */;
			projectDirPath = "";
			projectRoot = "";
			targets = (
				10CBCBF82727D065001DAB92 /* WorldTrotter-Programmatically-iter1(withoutStack) */,
			);
		};
/* End PBXProject section */

/* Begin PBXResourcesBuildPhase section */
		10CBCBF72727D065001DAB92 /* Resources */ = {
			isa = PBXResourcesBuildPhase;
			buildActionMask = 2147483647;
			files = (
				10CBCC092727D065001DAB92 /* LaunchScreen.storyboard in Resources */,
				10CBCC062727D065001DAB92 /* Assets.xcassets in Resources */,
				10CBCC042727D065001DAB92 /* Main.storyboard in Resources */,
			);
			runOnlyForDeploymentPostprocessing = 0;
		};
/* End PBXResourcesBuildPhase section */

/* Begin PBXSourcesBuildPhase section */
		10CBCBF52727D065001DAB92 /* Sources */ = {
			isa = PBXSourcesBuildPhase;
			buildActionMask = 2147483647;
			files = (
				10CBCC012727D065001DAB92 /* ViewController.swift in Sources */,
				10CBCBFD2727D065001DAB92 /* AppDelegate.swift in Sources */,
				10CBCBFF2727D065001DAB92 /* SceneDelegate.swift in Sources */,
			);
			runOnlyForDeploymentPostprocessing = 0;
		};
/* End PBXSourcesBuildPhase section */

/* Begin PBXVariantGroup section */
		10CBCC022727D065001DAB92 /* Main.storyboard */ = {
			isa = PBXVariantGroup;
			children = (
				10CBCC032727D065001DAB92 /* Base */,
			);
			name = Main.storyboard;
			sourceTree = "<group>";
		};
		10CBCC072727D065001DAB92 /* LaunchScreen.storyboard */ = {
			isa = PBXVariantGroup;
			children = (
				10CBCC082727D065001DAB92 /* Base */,
			);
			name = LaunchScreen.storyboard;
			sourceTree = "<group>";
		};
/* End PBXVariantGroup section */

/* Begin XCBuildConfiguration section */
		10CBCC0B2727D065001DAB92 /* Debug */ = {
			isa = XCBuildConfiguration;
			buildSettings = {
				ALWAYS_SEARCH_USER_PATHS = NO;
				CLANG_ANALYZER_NONNULL = YES;
				CLANG_ANALYZER_NUMBER_OBJECT_CONVERSION = YES_AGGRESSIVE;
				CLANG_CXX_LANGUAGE_STANDARD = "gnu++14";
				CLANG_CXX_LIBRARY = "libc++";
				CLANG_ENABLE_MODULES = YES;
				CLANG_ENABLE_OBJC_ARC = YES;
				CLANG_ENABLE_OBJC_WEAK = YES;
				CLANG_WARN_BLOCK_CAPTURE_AUTORELEASING = YES;
				CLANG_WARN_BOOL_CONVERSION = YES;
				CLANG_WARN_COMMA = YES;
				CLANG_WARN_CONSTANT_CONVERSION = YES;
				CLANG_WARN_DEPRECATED_OBJC_IMPLEMENTATIONS = YES;
				CLANG_WARN_DIRECT_OBJC_ISA_USAGE = YES_ERROR;
				CLANG_WARN_DOCUMENTATION_COMMENTS = YES;
				CLANG_WARN_EMPTY_BODY = YES;
				CLANG_WARN_ENUM_CONVERSION = YES;
				CLANG_WARN_INFINITE_RECURSION = YES;
				CLANG_WARN_INT_CONVERSION = YES;
				CLANG_WARN_NON_LITERAL_NULL_CONVERSION = YES;
				CLANG_WARN_OBJC_IMPLICIT_RETAIN_SELF = YES;
				CLANG_WARN_OBJC_LITERAL_CONVERSION = YES;
				CLANG_WARN_OBJC_ROOT_CLASS = YES_ERROR;
				CLANG_WARN_QUOTED_INCLUDE_IN_FRAMEWORK_HEADER = YES;
				CLANG_WARN_RANGE_LOOP_ANALYSIS = YES;
				CLANG_WARN_STRICT_PROTOTYPES = YES;
				CLANG_WARN_SUSPICIOUS_MOVE = YES;
				CLANG_WARN_UNGUARDED_AVAILABILITY = YES_AGGRESSIVE;
				CLANG_WARN_UNREACHABLE_CODE = YES;
				CLANG_WARN__DUPLICATE_METHOD_MATCH = YES;
				COPY_PHASE_STRIP = NO;
				DEBUG_INFORMATION_FORMAT = dwarf;
				ENABLE_STRICT_OBJC_MSGSEND = YES;
				ENABLE_TESTABILITY = YES;
				GCC_C_LANGUAGE_STANDARD = gnu11;
				GCC_DYNAMIC_NO_PIC = NO;
				GCC_NO_COMMON_BLOCKS = YES;
				GCC_OPTIMIZATION_LEVEL = 0;
				GCC_PREPROCESSOR_DEFINITIONS = (
					"DEBUG=1",
					"$(inherited)",
				);
				GCC_WARN_64_TO_32_BIT_CONVERSION = YES;
				GCC_WARN_ABOUT_RETURN_TYPE = YES_ERROR;
				GCC_WARN_UNDECLARED_SELECTOR = YES;
				GCC_WARN_UNINITIALIZED_AUTOS = YES_AGGRESSIVE;
				GCC_WARN_UNUSED_FUNCTION = YES;
				GCC_WARN_UNUSED_VARIABLE = YES;
				IPHONEOS_DEPLOYMENT_TARGET = 14.5;
				MTL_ENABLE_DEBUG_INFO = INCLUDE_SOURCE;
				MTL_FAST_MATH = YES;
				ONLY_ACTIVE_ARCH = YES;
				SDKROOT = iphoneos;
				SWIFT_ACTIVE_COMPILATION_CONDITIONS = DEBUG;
				SWIFT_OPTIMIZATION_LEVEL = "-Onone";
			};
			name = Debug;
		};
		10CBCC0C2727D065001DAB92 /* Release */ = {
			isa = XCBuildConfiguration;
			buildSettings = {
				ALWAYS_SEARCH_USER_PATHS = NO;
				CLANG_ANALYZER_NONNULL = YES;
				CLANG_ANALYZER_NUMBER_OBJECT_CONVERSION = YES_AGGRESSIVE;
				CLANG_CXX_LANGUAGE_STANDARD = "gnu++14";
				CLANG_CXX_LIBRARY = "libc++";
				CLANG_ENABLE_MODULES = YES;
				CLANG_ENABLE_OBJC_ARC = YES;
				CLANG_ENABLE_OBJC_WEAK = YES;
				CLANG_WARN_BLOCK_CAPTURE_AUTORELEASING = YES;
				CLANG_WARN_BOOL_CONVERSION = YES;
				CLANG_WARN_COMMA = YES;
				CLANG_WARN_CONSTANT_CONVERSION = YES;
				CLANG_WARN_DEPRECATED_OBJC_IMPLEMENTATIONS = YES;
				CLANG_WARN_DIRECT_OBJC_ISA_USAGE = YES_ERROR;
				CLANG_WARN_DOCUMENTATION_COMMENTS = YES;
				CLANG_WARN_EMPTY_BODY = YES;
				CLANG_WARN_ENUM_CONVERSION = YES;
				CLANG_WARN_INFINITE_RECURSION = YES;
				CLANG_WARN_INT_CONVERSION = YES;
				CLANG_WARN_NON_LITERAL_NULL_CONVERSION = YES;
				CLANG_WARN_OBJC_IMPLICIT_RETAIN_SELF = YES;
				CLANG_WARN_OBJC_LITERAL_CONVERSION = YES;
				CLANG_WARN_OBJC_ROOT_CLASS = YES_ERROR;
				CLANG_WARN_QUOTED_INCLUDE_IN_FRAMEWORK_HEADER = YES;
				CLANG_WARN_RANGE_LOOP_ANALYSIS = YES;
				CLANG_WARN_STRICT_PROTOTYPES = YES;
				CLANG_WARN_SUSPICIOUS_MOVE = YES;
				CLANG_WARN_UNGUARDED_AVAILABILITY = YES_AGGRESSIVE;
				CLANG_WARN_UNREACHABLE_CODE = YES;
				CLANG_WARN__DUPLICATE_METHOD_MATCH = YES;
				COPY_PHASE_STRIP = NO;
				DEBUG_INFORMATION_FORMAT = "dwarf-with-dsym";
				ENABLE_NS_ASSERTIONS = NO;
				ENABLE_STRICT_OBJC_MSGSEND = YES;
				GCC_C_LANGUAGE_STANDARD = gnu11;
				GCC_NO_COMMON_BLOCKS = YES;
				GCC_WARN_64_TO_32_BIT_CONVERSION = YES;
				GCC_WARN_ABOUT_RETURN_TYPE = YES_ERROR;
				GCC_WARN_UNDECLARED_SELECTOR = YES;
				GCC_WARN_UNINITIALIZED_AUTOS = YES_AGGRESSIVE;
				GCC_WARN_UNUSED_FUNCTION = YES;
				GCC_WARN_UNUSED_VARIABLE = YES;
				IPHONEOS_DEPLOYMENT_TARGET = 14.5;
				MTL_ENABLE_DEBUG_INFO = NO;
				MTL_FAST_MATH = YES;
				SDKROOT = iphoneos;
				SWIFT_COMPILATION_MODE = wholemodule;
				SWIFT_OPTIMIZATION_LEVEL = "-O";
				VALIDATE_PRODUCT = YES;
			};
			name = Release;
		};
		10CBCC0E2727D065001DAB92 /* Debug */ = {
			isa = XCBuildConfiguration;
			buildSettings = {
				ASSETCATALOG_COMPILER_APPICON_NAME = AppIcon;
				ASSETCATALOG_COMPILER_GLOBAL_ACCENT_COLOR_NAME = AccentColor;
				CODE_SIGN_STYLE = Automatic;
				DEVELOPMENT_TEAM = 8TC6NM65Z3;
				INFOPLIST_FILE = "WorldTrotter-Programmatically-iter1(withoutStack)/Info.plist";
				LD_RUNPATH_SEARCH_PATHS = (
					"$(inherited)",
					"@executable_path/Frameworks",
				);
				PRODUCT_BUNDLE_IDENTIFIER = "com.mohammed.WorldTrotter-Programmatically-iter1-withoutStack-";
				PRODUCT_NAME = "$(TARGET_NAME)";
				SWIFT_VERSION = 5.0;
				TARGETED_DEVICE_FAMILY = "1,2";
			};
			name = Debug;
		};
		10CBCC0F2727D065001DAB92 /* Release */ = {
			isa = XCBuildConfiguration;
			buildSettings = {
				ASSETCATALOG_COMPILER_APPICON_NAME = AppIcon;
				ASSETCATALOG_COMPILER_GLOBAL_ACCENT_COLOR_NAME = AccentColor;
				CODE_SIGN_STYLE = Automatic;
				DEVELOPMENT_TEAM = 8TC6NM65Z3;
				INFOPLIST_FILE = "WorldTrotter-Programmatically-iter1(withoutStack)/Info.plist";
				LD_RUNPATH_SEARCH_PATHS = (
					"$(inherited)",
					"@executable_path/Frameworks",
				);
				PRODUCT_BUNDLE_IDENTIFIER = "com.mohammed.WorldTrotter-Programmatically-iter1-withoutStack-";
				PRODUCT_NAME = "$(TARGET_NAME)";
				SWIFT_VERSION = 5.0;
				TARGETED_DEVICE_FAMILY = "1,2";
			};
			name = Release;
		};
/* End XCBuildConfiguration section */

/* Begin XCConfigurationList section */
		10CBCBF42727D065001DAB92 /* Build configuration list for PBXProject "WorldTrotter-Programmatically-iter1(withoutStack)" */ = {
			isa = XCConfigurationList;
			buildConfigurations = (
				10CBCC0B2727D065001DAB92 /* Debug */,
				10CBCC0C2727D065001DAB92 /* Release */,
			);
			defaultConfigurationIsVisible = 0;
			defaultConfigurationName = Release;
		};
		10CBCC0D2727D065001DAB92 /* Build configuration list for PBXNativeTarget "WorldTrotter-Programmatically-iter1(withoutStack)" */ = {
			isa = XCConfigurationList;
			buildConfigurations = (
				10CBCC0E2727D065001DAB92 /* Debug */,
				10CBCC0F2727D065001DAB92 /* Release */,
			);
			defaultConfigurationIsVisible = 0;
			defaultConfigurationName = Release;
		};
/* End XCConfigurationList section */
	};
	rootObject = 10CBCBF12727D065001DAB92 /* Project object */;
}
